
Microsoft Visual Studio Solution File, Format Version 12.00
# Visual Studio Version 17
VisualStudioVersion = 17.8.34525.116
MinimumVisualStudioVersion = 10.0.40219.1
Project("{FAE04EC0-301F-11D3-BF4B-00C04F79EFBC}") = "AmarivAPI", "AmarivAPI\AmarivAPI.csproj", "{078F06B9-56E3-4636-B200-1932A45B560D}"
EndProject
Global
	GlobalSection(SolutionConfigurationPlatforms) = preSolution
		Debug|Any CPU = Debug|Any CPU
		Release|Any CPU = Release|Any CPU
	EndGlobalSection
	GlobalSection(ProjectConfigurationPlatforms) = postSolution
		{078F06B9-56E3-4636-B200-1932A45B560D}.Debug|Any CPU.ActiveCfg = Debug|Any CPU
		{078F06B9-56E3-4636-B200-1932A45B560D}.Debug|Any CPU.Build.0 = Debug|Any CPU
		{078F06B9-56E3-4636-B200-1932A45B560D}.Release|Any CPU.ActiveCfg = Release|Any CPU
		{078F06B9-56E3-4636-B200-1932A45B560D}.Release|Any CPU.Build.0 = Release|Any CPU
	EndGlobalSection
	GlobalSection(SolutionProperties) = preSolution
		HideSolutionNode = FALSE
	EndGlobalSection
	GlobalSection(ExtensibilityGlobals) = postSolution
		SolutionGuid = {D5DACECA-7A3D-4062-BE9B-ECD922029857}
	EndGlobalSection
EndGlobal
